// !$*UTF8*$!
{
	archiveVersion = 1;
	classes = {
	};
	objectVersion = 56;
	objects = {

/* Begin PBXBuildFile section */
		ECAF64D52992A626002EE2EA /* BeerModel.swift in Sources */ = {isa = PBXBuildFile; fileRef = ECAF64D42992A626002EE2EA /* BeerModel.swift */; };
		ECAF64DA2992ABD4002EE2EA /* extension+UIViewController.swift in Sources */ = {isa = PBXBuildFile; fileRef = ECAF64D92992ABD4002EE2EA /* extension+UIViewController.swift */; };
		F65DC1E129929E91003010B1 /* AppDelegate.swift in Sources */ = {isa = PBXBuildFile; fileRef = F65DC1E029929E91003010B1 /* AppDelegate.swift */; };
		F65DC1E329929E91003010B1 /* SceneDelegate.swift in Sources */ = {isa = PBXBuildFile; fileRef = F65DC1E229929E91003010B1 /* SceneDelegate.swift */; };
		F65DC1EA29929E93003010B1 /* Assets.xcassets in Resources */ = {isa = PBXBuildFile; fileRef = F65DC1E929929E93003010B1 /* Assets.xcassets */; };
		F65DC1ED29929E93003010B1 /* LaunchScreen.storyboard in Resources */ = {isa = PBXBuildFile; fileRef = F65DC1EB29929E93003010B1 /* LaunchScreen.storyboard */; };
		F65DC1F829929E93003010B1 /* O2OTests.swift in Sources */ = {isa = PBXBuildFile; fileRef = F65DC1F729929E93003010B1 /* O2OTests.swift */; };
		F65DC20229929E93003010B1 /* O2OUITests.swift in Sources */ = {isa = PBXBuildFile; fileRef = F65DC20129929E93003010B1 /* O2OUITests.swift */; };
		F65DC20429929E93003010B1 /* O2OUITestsLaunchTests.swift in Sources */ = {isa = PBXBuildFile; fileRef = F65DC20329929E93003010B1 /* O2OUITestsLaunchTests.swift */; };
		F65DC21529929F4F003010B1 /* HomeRouter.swift in Sources */ = {isa = PBXBuildFile; fileRef = F65DC21129929F4F003010B1 /* HomeRouter.swift */; };
		F65DC21629929F4F003010B1 /* HomeViewController.swift in Sources */ = {isa = PBXBuildFile; fileRef = F65DC21229929F4F003010B1 /* HomeViewController.swift */; };
		F65DC21729929F4F003010B1 /* HomeViewModel.swift in Sources */ = {isa = PBXBuildFile; fileRef = F65DC21329929F4F003010B1 /* HomeViewModel.swift */; };
		F65DC21829929F4F003010B1 /* HomeViewController.xib in Resources */ = {isa = PBXBuildFile; fileRef = F65DC21429929F4F003010B1 /* HomeViewController.xib */; };
		F65DC21E29929F77003010B1 /* DetailsRouter.swift in Sources */ = {isa = PBXBuildFile; fileRef = F65DC21A29929F77003010B1 /* DetailsRouter.swift */; };
		F65DC21F29929F77003010B1 /* DetailsViewController.swift in Sources */ = {isa = PBXBuildFile; fileRef = F65DC21B29929F77003010B1 /* DetailsViewController.swift */; };
		F65DC22029929F77003010B1 /* DetailsViewModel.swift in Sources */ = {isa = PBXBuildFile; fileRef = F65DC21C29929F77003010B1 /* DetailsViewModel.swift */; };
		F65DC22129929F77003010B1 /* DetailsViewController.xib in Resources */ = {isa = PBXBuildFile; fileRef = F65DC21D29929F77003010B1 /* DetailsViewController.xib */; };
/* End PBXBuildFile section */

/* Begin PBXContainerItemProxy section */
		F65DC1F429929E93003010B1 /* PBXContainerItemProxy */ = {
			isa = PBXContainerItemProxy;
			containerPortal = F65DC1D529929E91003010B1 /* Project object */;
			proxyType = 1;
			remoteGlobalIDString = F65DC1DC29929E91003010B1;
			remoteInfo = O2O;
		};
		F65DC1FE29929E93003010B1 /* PBXContainerItemProxy */ = {
			isa = PBXContainerItemProxy;
			containerPortal = F65DC1D529929E91003010B1 /* Project object */;
			proxyType = 1;
			remoteGlobalIDString = F65DC1DC29929E91003010B1;
			remoteInfo = O2O;
		};
/* End PBXContainerItemProxy section */

/* Begin PBXFileReference section */
		ECAF64D42992A626002EE2EA /* BeerModel.swift */ = {isa = PBXFileReference; lastKnownFileType = sourcecode.swift; path = BeerModel.swift; sourceTree = "<group>"; };
		ECAF64D92992ABD4002EE2EA /* extension+UIViewController.swift */ = {isa = PBXFileReference; lastKnownFileType = sourcecode.swift; path = "extension+UIViewController.swift"; sourceTree = "<group>"; };
		F65DC1DD29929E91003010B1 /* O2O.app */ = {isa = PBXFileReference; explicitFileType = wrapper.application; includeInIndex = 0; path = O2O.app; sourceTree = BUILT_PRODUCTS_DIR; };
		F65DC1E029929E91003010B1 /* AppDelegate.swift */ = {isa = PBXFileReference; lastKnownFileType = sourcecode.swift; path = AppDelegate.swift; sourceTree = "<group>"; };
		F65DC1E229929E91003010B1 /* SceneDelegate.swift */ = {isa = PBXFileReference; lastKnownFileType = sourcecode.swift; path = SceneDelegate.swift; sourceTree = "<group>"; };
		F65DC1E929929E93003010B1 /* Assets.xcassets */ = {isa = PBXFileReference; lastKnownFileType = folder.assetcatalog; path = Assets.xcassets; sourceTree = "<group>"; };
		F65DC1EC29929E93003010B1 /* Base */ = {isa = PBXFileReference; lastKnownFileType = file.storyboard; name = Base; path = Base.lproj/LaunchScreen.storyboard; sourceTree = "<group>"; };
		F65DC1EE29929E93003010B1 /* Info.plist */ = {isa = PBXFileReference; lastKnownFileType = text.plist.xml; path = Info.plist; sourceTree = "<group>"; };
		F65DC1F329929E93003010B1 /* O2OTests.xctest */ = {isa = PBXFileReference; explicitFileType = wrapper.cfbundle; includeInIndex = 0; path = O2OTests.xctest; sourceTree = BUILT_PRODUCTS_DIR; };
		F65DC1F729929E93003010B1 /* O2OTests.swift */ = {isa = PBXFileReference; lastKnownFileType = sourcecode.swift; path = O2OTests.swift; sourceTree = "<group>"; };
		F65DC1FD29929E93003010B1 /* O2OUITests.xctest */ = {isa = PBXFileReference; explicitFileType = wrapper.cfbundle; includeInIndex = 0; path = O2OUITests.xctest; sourceTree = BUILT_PRODUCTS_DIR; };
		F65DC20129929E93003010B1 /* O2OUITests.swift */ = {isa = PBXFileReference; lastKnownFileType = sourcecode.swift; path = O2OUITests.swift; sourceTree = "<group>"; };
		F65DC20329929E93003010B1 /* O2OUITestsLaunchTests.swift */ = {isa = PBXFileReference; lastKnownFileType = sourcecode.swift; path = O2OUITestsLaunchTests.swift; sourceTree = "<group>"; };
		F65DC21129929F4F003010B1 /* HomeRouter.swift */ = {isa = PBXFileReference; lastKnownFileType = sourcecode.swift; path = HomeRouter.swift; sourceTree = "<group>"; };
		F65DC21229929F4F003010B1 /* HomeViewController.swift */ = {isa = PBXFileReference; lastKnownFileType = sourcecode.swift; path = HomeViewController.swift; sourceTree = "<group>"; };
		F65DC21329929F4F003010B1 /* HomeViewModel.swift */ = {isa = PBXFileReference; lastKnownFileType = sourcecode.swift; path = HomeViewModel.swift; sourceTree = "<group>"; };
		F65DC21429929F4F003010B1 /* HomeViewController.xib */ = {isa = PBXFileReference; lastKnownFileType = file.xib; path = HomeViewController.xib; sourceTree = "<group>"; };
		F65DC21A29929F77003010B1 /* DetailsRouter.swift */ = {isa = PBXFileReference; lastKnownFileType = sourcecode.swift; path = DetailsRouter.swift; sourceTree = "<group>"; };
		F65DC21B29929F77003010B1 /* DetailsViewController.swift */ = {isa = PBXFileReference; lastKnownFileType = sourcecode.swift; path = DetailsViewController.swift; sourceTree = "<group>"; };
		F65DC21C29929F77003010B1 /* DetailsViewModel.swift */ = {isa = PBXFileReference; lastKnownFileType = sourcecode.swift; path = DetailsViewModel.swift; sourceTree = "<group>"; };
		F65DC21D29929F77003010B1 /* DetailsViewController.xib */ = {isa = PBXFileReference; lastKnownFileType = file.xib; path = DetailsViewController.xib; sourceTree = "<group>"; };
/* End PBXFileReference section */

/* Begin PBXFrameworksBuildPhase section */
		F65DC1DA29929E91003010B1 /* Frameworks */ = {
			isa = PBXFrameworksBuildPhase;
			buildActionMask = 2147483647;
			files = (
			);
			runOnlyForDeploymentPostprocessing = 0;
		};
		F65DC1F029929E93003010B1 /* Frameworks */ = {
			isa = PBXFrameworksBuildPhase;
			buildActionMask = 2147483647;
			files = (
			);
			runOnlyForDeploymentPostprocessing = 0;
		};
		F65DC1FA29929E93003010B1 /* Frameworks */ = {
			isa = PBXFrameworksBuildPhase;
			buildActionMask = 2147483647;
			files = (
			);
			runOnlyForDeploymentPostprocessing = 0;
		};
/* End PBXFrameworksBuildPhase section */

/* Begin PBXGroup section */
		ECAF64CF2992A04A002EE2EA /* App */ = {
			isa = PBXGroup;
			children = (
				F65DC1E229929E91003010B1 /* SceneDelegate.swift */,
				F65DC1E029929E91003010B1 /* AppDelegate.swift */,
			);
			path = App;
			sourceTree = "<group>";
		};
		ECAF64D02992A060002EE2EA /* UI */ = {
			isa = PBXGroup;
			children = (
				F65DC21929929F57003010B1 /* Details */,
				F65DC21029929F2D003010B1 /* Home */,
			);
			path = UI;
			sourceTree = "<group>";
		};
		ECAF64D12992A077002EE2EA /* Service */ = {
			isa = PBXGroup;
			children = (
			);
			path = Service;
			sourceTree = "<group>";
		};
		ECAF64D22992A082002EE2EA /* Model */ = {
			isa = PBXGroup;
			children = (
				ECAF64D42992A626002EE2EA /* BeerModel.swift */,
			);
			path = Model;
			sourceTree = "<group>";
		};
		ECAF64D82992ABAC002EE2EA /* Utils */ = {
			isa = PBXGroup;
			children = (
				ECAF64D92992ABD4002EE2EA /* extension+UIViewController.swift */,
			);
			path = Utils;
			sourceTree = "<group>";
		};
		F65DC1D429929E91003010B1 = {
			isa = PBXGroup;
			children = (
				F65DC1DF29929E91003010B1 /* O2O */,
				F65DC1F629929E93003010B1 /* O2OTests */,
				F65DC20029929E93003010B1 /* O2OUITests */,
				F65DC1DE29929E91003010B1 /* Products */,
			);
			sourceTree = "<group>";
		};
		F65DC1DE29929E91003010B1 /* Products */ = {
			isa = PBXGroup;
			children = (
				F65DC1DD29929E91003010B1 /* O2O.app */,
				F65DC1F329929E93003010B1 /* O2OTests.xctest */,
				F65DC1FD29929E93003010B1 /* O2OUITests.xctest */,
			);
			name = Products;
			sourceTree = "<group>";
		};
		F65DC1DF29929E91003010B1 /* O2O */ = {
			isa = PBXGroup;
			children = (
				ECAF64D82992ABAC002EE2EA /* Utils */,
				ECAF64D22992A082002EE2EA /* Model */,
				ECAF64D12992A077002EE2EA /* Service */,
				ECAF64D02992A060002EE2EA /* UI */,
				ECAF64CF2992A04A002EE2EA /* App */,
				F65DC1E929929E93003010B1 /* Assets.xcassets */,
				F65DC1EB29929E93003010B1 /* LaunchScreen.storyboard */,
				F65DC1EE29929E93003010B1 /* Info.plist */,
			);
			path = O2O;
			sourceTree = "<group>";
		};
		F65DC1F629929E93003010B1 /* O2OTests */ = {
			isa = PBXGroup;
			children = (
				F65DC1F729929E93003010B1 /* O2OTests.swift */,
			);
			path = O2OTests;
			sourceTree = "<group>";
		};
		F65DC20029929E93003010B1 /* O2OUITests */ = {
			isa = PBXGroup;
			children = (
				F65DC20129929E93003010B1 /* O2OUITests.swift */,
				F65DC20329929E93003010B1 /* O2OUITestsLaunchTests.swift */,
			);
			path = O2OUITests;
			sourceTree = "<group>";
		};
		F65DC21029929F2D003010B1 /* Home */ = {
			isa = PBXGroup;
			children = (
				F65DC21129929F4F003010B1 /* HomeRouter.swift */,
				F65DC21229929F4F003010B1 /* HomeViewController.swift */,
				F65DC21329929F4F003010B1 /* HomeViewModel.swift */,
				F65DC21429929F4F003010B1 /* HomeViewController.xib */,
			);
			path = Home;
			sourceTree = "<group>";
		};
		F65DC21929929F57003010B1 /* Details */ = {
			isa = PBXGroup;
			children = (
				F65DC21A29929F77003010B1 /* DetailsRouter.swift */,
				F65DC21B29929F77003010B1 /* DetailsViewController.swift */,
				F65DC21C29929F77003010B1 /* DetailsViewModel.swift */,
				F65DC21D29929F77003010B1 /* DetailsViewController.xib */,
			);
			path = Details;
			sourceTree = "<group>";
		};
/* End PBXGroup section */

/* Begin PBXNativeTarget section */
		F65DC1DC29929E91003010B1 /* O2O */ = {
			isa = PBXNativeTarget;
			buildConfigurationList = F65DC20729929E93003010B1 /* Build configuration list for PBXNativeTarget "O2O" */;
			buildPhases = (
				F65DC1D929929E91003010B1 /* Sources */,
				F65DC1DA29929E91003010B1 /* Frameworks */,
				F65DC1DB29929E91003010B1 /* Resources */,
			);
			buildRules = (
			);
			dependencies = (
			);
			name = O2O;
			productName = O2O;
			productReference = F65DC1DD29929E91003010B1 /* O2O.app */;
			productType = "com.apple.product-type.application";
		};
		F65DC1F229929E93003010B1 /* O2OTests */ = {
			isa = PBXNativeTarget;
			buildConfigurationList = F65DC20A29929E93003010B1 /* Build configuration list for PBXNativeTarget "O2OTests" */;
			buildPhases = (
				F65DC1EF29929E93003010B1 /* Sources */,
				F65DC1F029929E93003010B1 /* Frameworks */,
				F65DC1F129929E93003010B1 /* Resources */,
			);
			buildRules = (
			);
			dependencies = (
				F65DC1F529929E93003010B1 /* PBXTargetDependency */,
			);
			name = O2OTests;
			productName = O2OTests;
			productReference = F65DC1F329929E93003010B1 /* O2OTests.xctest */;
			productType = "com.apple.product-type.bundle.unit-test";
		};
		F65DC1FC29929E93003010B1 /* O2OUITests */ = {
			isa = PBXNativeTarget;
			buildConfigurationList = F65DC20D29929E93003010B1 /* Build configuration list for PBXNativeTarget "O2OUITests" */;
			buildPhases = (
				F65DC1F929929E93003010B1 /* Sources */,
				F65DC1FA29929E93003010B1 /* Frameworks */,
				F65DC1FB29929E93003010B1 /* Resources */,
			);
			buildRules = (
			);
			dependencies = (
				F65DC1FF29929E93003010B1 /* PBXTargetDependency */,
			);
			name = O2OUITests;
			productName = O2OUITests;
			productReference = F65DC1FD29929E93003010B1 /* O2OUITests.xctest */;
			productType = "com.apple.product-type.bundle.ui-testing";
		};
/* End PBXNativeTarget section */

/* Begin PBXProject section */
		F65DC1D529929E91003010B1 /* Project object */ = {
			isa = PBXProject;
			attributes = {
				BuildIndependentTargetsInParallel = 1;
				LastSwiftUpdateCheck = 1420;
				LastUpgradeCheck = 1420;
				TargetAttributes = {
					F65DC1DC29929E91003010B1 = {
						CreatedOnToolsVersion = 14.2;
					};
					F65DC1F229929E93003010B1 = {
						CreatedOnToolsVersion = 14.2;
						TestTargetID = F65DC1DC29929E91003010B1;
					};
					F65DC1FC29929E93003010B1 = {
						CreatedOnToolsVersion = 14.2;
						TestTargetID = F65DC1DC29929E91003010B1;
					};
				};
			};
			buildConfigurationList = F65DC1D829929E91003010B1 /* Build configuration list for PBXProject "O2O" */;
			compatibilityVersion = "Xcode 14.0";
			developmentRegion = en;
			hasScannedForEncodings = 0;
			knownRegions = (
				en,
				Base,
			);
			mainGroup = F65DC1D429929E91003010B1;
			productRefGroup = F65DC1DE29929E91003010B1 /* Products */;
			projectDirPath = "";
			projectRoot = "";
			targets = (
				F65DC1DC29929E91003010B1 /* O2O */,
				F65DC1F229929E93003010B1 /* O2OTests */,
				F65DC1FC29929E93003010B1 /* O2OUITests */,
			);
		};
/* End PBXProject section */

/* Begin PBXResourcesBuildPhase section */
		F65DC1DB29929E91003010B1 /* Resources */ = {
			isa = PBXResourcesBuildPhase;
			buildActionMask = 2147483647;
			files = (
				F65DC1ED29929E93003010B1 /* LaunchScreen.storyboard in Resources */,
				F65DC1EA29929E93003010B1 /* Assets.xcassets in Resources */,
				F65DC22129929F77003010B1 /* DetailsViewController.xib in Resources */,
				F65DC21829929F4F003010B1 /* HomeViewController.xib in Resources */,
			);
			runOnlyForDeploymentPostprocessing = 0;
		};
		F65DC1F129929E93003010B1 /* Resources */ = {
			isa = PBXResourcesBuildPhase;
			buildActionMask = 2147483647;
			files = (
			);
			runOnlyForDeploymentPostprocessing = 0;
		};
		F65DC1FB29929E93003010B1 /* Resources */ = {
			isa = PBXResourcesBuildPhase;
			buildActionMask = 2147483647;
			files = (
			);
			runOnlyForDeploymentPostprocessing = 0;
		};
/* End PBXResourcesBuildPhase section */

/* Begin PBXSourcesBuildPhase section */
		F65DC1D929929E91003010B1 /* Sources */ = {
			isa = PBXSourcesBuildPhase;
			buildActionMask = 2147483647;
			files = (
				ECAF64DA2992ABD4002EE2EA /* extension+UIViewController.swift in Sources */,
				F65DC21629929F4F003010B1 /* HomeViewController.swift in Sources */,
				F65DC21729929F4F003010B1 /* HomeViewModel.swift in Sources */,
				ECAF64D52992A626002EE2EA /* BeerModel.swift in Sources */,
				F65DC21F29929F77003010B1 /* DetailsViewController.swift in Sources */,
				F65DC21529929F4F003010B1 /* HomeRouter.swift in Sources */,
				F65DC1E129929E91003010B1 /* AppDelegate.swift in Sources */,
				F65DC1E329929E91003010B1 /* SceneDelegate.swift in Sources */,
				F65DC21E29929F77003010B1 /* DetailsRouter.swift in Sources */,
				F65DC22029929F77003010B1 /* DetailsViewModel.swift in Sources */,
			);
			runOnlyForDeploymentPostprocessing = 0;
		};
		F65DC1EF29929E93003010B1 /* Sources */ = {
			isa = PBXSourcesBuildPhase;
			buildActionMask = 2147483647;
			files = (
				F65DC1F829929E93003010B1 /* O2OTests.swift in Sources */,
			);
			runOnlyForDeploymentPostprocessing = 0;
		};
		F65DC1F929929E93003010B1 /* Sources */ = {
			isa = PBXSourcesBuildPhase;
			buildActionMask = 2147483647;
			files = (
				F65DC20229929E93003010B1 /* O2OUITests.swift in Sources */,
				F65DC20429929E93003010B1 /* O2OUITestsLaunchTests.swift in Sources */,
			);
			runOnlyForDeploymentPostprocessing = 0;
		};
/* End PBXSourcesBuildPhase section */

/* Begin PBXTargetDependency section */
		F65DC1F529929E93003010B1 /* PBXTargetDependency */ = {
			isa = PBXTargetDependency;
			target = F65DC1DC29929E91003010B1 /* O2O */;
			targetProxy = F65DC1F429929E93003010B1 /* PBXContainerItemProxy */;
		};
		F65DC1FF29929E93003010B1 /* PBXTargetDependency */ = {
			isa = PBXTargetDependency;
			target = F65DC1DC29929E91003010B1 /* O2O */;
			targetProxy = F65DC1FE29929E93003010B1 /* PBXContainerItemProxy */;
		};
/* End PBXTargetDependency section */

/* Begin PBXVariantGroup section */
		F65DC1EB29929E93003010B1 /* LaunchScreen.storyboard */ = {
			isa = PBXVariantGroup;
			children = (
				F65DC1EC29929E93003010B1 /* Base */,
			);
			name = LaunchScreen.storyboard;
			sourceTree = "<group>";
		};
/* End PBXVariantGroup section */

/* Begin XCBuildConfiguration section */
		F65DC20529929E93003010B1 /* Debug */ = {
			isa = XCBuildConfiguration;
			buildSettings = {
				ALWAYS_SEARCH_USER_PATHS = NO;
				CLANG_ANALYZER_NONNULL = YES;
				CLANG_ANALYZER_NUMBER_OBJECT_CONVERSION = YES_AGGRESSIVE;
				CLANG_CXX_LANGUAGE_STANDARD = "gnu++20";
				CLANG_ENABLE_MODULES = YES;
				CLANG_ENABLE_OBJC_ARC = YES;
				CLANG_ENABLE_OBJC_WEAK = YES;
				CLANG_WARN_BLOCK_CAPTURE_AUTORELEASING = YES;
				CLANG_WARN_BOOL_CONVERSION = YES;
				CLANG_WARN_COMMA = YES;
				CLANG_WARN_CONSTANT_CONVERSION = YES;
				CLANG_WARN_DEPRECATED_OBJC_IMPLEMENTATIONS = YES;
				CLANG_WARN_DIRECT_OBJC_ISA_USAGE = YES_ERROR;
				CLANG_WARN_DOCUMENTATION_COMMENTS = YES;
				CLANG_WARN_EMPTY_BODY = YES;
				CLANG_WARN_ENUM_CONVERSION = YES;
				CLANG_WARN_INFINITE_RECURSION = YES;
				CLANG_WARN_INT_CONVERSION = YES;
				CLANG_WARN_NON_LITERAL_NULL_CONVERSION = YES;
				CLANG_WARN_OBJC_IMPLICIT_RETAIN_SELF = YES;
				CLANG_WARN_OBJC_LITERAL_CONVERSION = YES;
				CLANG_WARN_OBJC_ROOT_CLASS = YES_ERROR;
				CLANG_WARN_QUOTED_INCLUDE_IN_FRAMEWORK_HEADER = YES;
				CLANG_WARN_RANGE_LOOP_ANALYSIS = YES;
				CLANG_WARN_STRICT_PROTOTYPES = YES;
				CLANG_WARN_SUSPICIOUS_MOVE = YES;
				CLANG_WARN_UNGUARDED_AVAILABILITY = YES_AGGRESSIVE;
				CLANG_WARN_UNREACHABLE_CODE = YES;
				CLANG_WARN__DUPLICATE_METHOD_MATCH = YES;
				COPY_PHASE_STRIP = NO;
				DEBUG_INFORMATION_FORMAT = dwarf;
				ENABLE_STRICT_OBJC_MSGSEND = YES;
				ENABLE_TESTABILITY = YES;
				GCC_C_LANGUAGE_STANDARD = gnu11;
				GCC_DYNAMIC_NO_PIC = NO;
				GCC_NO_COMMON_BLOCKS = YES;
				GCC_OPTIMIZATION_LEVEL = 0;
				GCC_PREPROCESSOR_DEFINITIONS = (
					"DEBUG=1",
					"$(inherited)",
				);
				GCC_WARN_64_TO_32_BIT_CONVERSION = YES;
				GCC_WARN_ABOUT_RETURN_TYPE = YES_ERROR;
				GCC_WARN_UNDECLARED_SELECTOR = YES;
				GCC_WARN_UNINITIALIZED_AUTOS = YES_AGGRESSIVE;
				GCC_WARN_UNUSED_FUNCTION = YES;
				GCC_WARN_UNUSED_VARIABLE = YES;
				IPHONEOS_DEPLOYMENT_TARGET = 16.0;
				MTL_ENABLE_DEBUG_INFO = INCLUDE_SOURCE;
				MTL_FAST_MATH = YES;
				ONLY_ACTIVE_ARCH = YES;
				SDKROOT = iphoneos;
				SWIFT_ACTIVE_COMPILATION_CONDITIONS = DEBUG;
				SWIFT_OPTIMIZATION_LEVEL = "-Onone";
			};
			name = Debug;
		};
		F65DC20629929E93003010B1 /* Release */ = {
			isa = XCBuildConfiguration;
			buildSettings = {
				ALWAYS_SEARCH_USER_PATHS = NO;
				CLANG_ANALYZER_NONNULL = YES;
				CLANG_ANALYZER_NUMBER_OBJECT_CONVERSION = YES_AGGRESSIVE;
				CLANG_CXX_LANGUAGE_STANDARD = "gnu++20";
				CLANG_ENABLE_MODULES = YES;
				CLANG_ENABLE_OBJC_ARC = YES;
				CLANG_ENABLE_OBJC_WEAK = YES;
				CLANG_WARN_BLOCK_CAPTURE_AUTORELEASING = YES;
				CLANG_WARN_BOOL_CONVERSION = YES;
				CLANG_WARN_COMMA = YES;
				CLANG_WARN_CONSTANT_CONVERSION = YES;
				CLANG_WARN_DEPRECATED_OBJC_IMPLEMENTATIONS = YES;
				CLANG_WARN_DIRECT_OBJC_ISA_USAGE = YES_ERROR;
				CLANG_WARN_DOCUMENTATION_COMMENTS = YES;
				CLANG_WARN_EMPTY_BODY = YES;
				CLANG_WARN_ENUM_CONVERSION = YES;
				CLANG_WARN_INFINITE_RECURSION = YES;
				CLANG_WARN_INT_CONVERSION = YES;
				CLANG_WARN_NON_LITERAL_NULL_CONVERSION = YES;
				CLANG_WARN_OBJC_IMPLICIT_RETAIN_SELF = YES;
				CLANG_WARN_OBJC_LITERAL_CONVERSION = YES;
				CLANG_WARN_OBJC_ROOT_CLASS = YES_ERROR;
				CLANG_WARN_QUOTED_INCLUDE_IN_FRAMEWORK_HEADER = YES;
				CLANG_WARN_RANGE_LOOP_ANALYSIS = YES;
				CLANG_WARN_STRICT_PROTOTYPES = YES;
				CLANG_WARN_SUSPICIOUS_MOVE = YES;
				CLANG_WARN_UNGUARDED_AVAILABILITY = YES_AGGRESSIVE;
				CLANG_WARN_UNREACHABLE_CODE = YES;
				CLANG_WARN__DUPLICATE_METHOD_MATCH = YES;
				COPY_PHASE_STRIP = NO;
				DEBUG_INFORMATION_FORMAT = "dwarf-with-dsym";
				ENABLE_NS_ASSERTIONS = NO;
				ENABLE_STRICT_OBJC_MSGSEND = YES;
				GCC_C_LANGUAGE_STANDARD = gnu11;
				GCC_NO_COMMON_BLOCKS = YES;
				GCC_WARN_64_TO_32_BIT_CONVERSION = YES;
				GCC_WARN_ABOUT_RETURN_TYPE = YES_ERROR;
				GCC_WARN_UNDECLARED_SELECTOR = YES;
				GCC_WARN_UNINITIALIZED_AUTOS = YES_AGGRESSIVE;
				GCC_WARN_UNUSED_FUNCTION = YES;
				GCC_WARN_UNUSED_VARIABLE = YES;
				IPHONEOS_DEPLOYMENT_TARGET = 16.0;
				MTL_ENABLE_DEBUG_INFO = NO;
				MTL_FAST_MATH = YES;
				SDKROOT = iphoneos;
				SWIFT_COMPILATION_MODE = wholemodule;
				SWIFT_OPTIMIZATION_LEVEL = "-O";
				VALIDATE_PRODUCT = YES;
			};
			name = Release;
		};
		F65DC20829929E93003010B1 /* Debug */ = {
			isa = XCBuildConfiguration;
			buildSettings = {
				ASSETCATALOG_COMPILER_APPICON_NAME = AppIcon;
				ASSETCATALOG_COMPILER_GLOBAL_ACCENT_COLOR_NAME = AccentColor;
				CODE_SIGN_STYLE = Automatic;
				CURRENT_PROJECT_VERSION = 1;
				DEVELOPMENT_TEAM = V3W6A6C7JZ;
				GENERATE_INFOPLIST_FILE = YES;
				INFOPLIST_FILE = O2O/Info.plist;
				INFOPLIST_KEY_UIApplicationSupportsIndirectInputEvents = YES;
				INFOPLIST_KEY_UILaunchStoryboardName = LaunchScreen;
				INFOPLIST_KEY_UISupportedInterfaceOrientations_iPad = "UIInterfaceOrientationPortrait UIInterfaceOrientationPortraitUpsideDown UIInterfaceOrientationLandscapeLeft UIInterfaceOrientationLandscapeRight";
				INFOPLIST_KEY_UISupportedInterfaceOrientations_iPhone = "UIInterfaceOrientationPortrait UIInterfaceOrientationLandscapeLeft UIInterfaceOrientationLandscapeRight";
				LD_RUNPATH_SEARCH_PATHS = (
					"$(inherited)",
					"@executable_path/Frameworks",
				);
				MARKETING_VERSION = 1.0;
				PRODUCT_BUNDLE_IDENTIFIER = oscargarrucho.O2O;
				PRODUCT_NAME = "$(TARGET_NAME)";
				SWIFT_EMIT_LOC_STRINGS = YES;
				SWIFT_VERSION = 5.0;
				TARGETED_DEVICE_FAMILY = "1,2";
			};
			name = Debug;
		};
		F65DC20929929E93003010B1 /* Release */ = {
			isa = XCBuildConfiguration;
			buildSettings = {
				ASSETCATALOG_COMPILER_APPICON_NAME = AppIcon;
				ASSETCATALOG_COMPILER_GLOBAL_ACCENT_COLOR_NAME = AccentColor;
				CODE_SIGN_STYLE = Automatic;
				CURRENT_PROJECT_VERSION = 1;
				DEVELOPMENT_TEAM = V3W6A6C7JZ;
				GENERATE_INFOPLIST_FILE = YES;
				INFOPLIST_FILE = O2O/Info.plist;
				INFOPLIST_KEY_UIApplicationSupportsIndirectInputEvents = YES;
				INFOPLIST_KEY_UILaunchStoryboardName = LaunchScreen;
				INFOPLIST_KEY_UISupportedInterfaceOrientations_iPad = "UIInterfaceOrientationPortrait UIInterfaceOrientationPortraitUpsideDown UIInterfaceOrientationLandscapeLeft UIInterfaceOrientationLandscapeRight";
				INFOPLIST_KEY_UISupportedInterfaceOrientations_iPhone = "UIInterfaceOrientationPortrait UIInterfaceOrientationLandscapeLeft UIInterfaceOrientationLandscapeRight";
				LD_RUNPATH_SEARCH_PATHS = (
					"$(inherited)",
					"@executable_path/Frameworks",
				);
				MARKETING_VERSION = 1.0;
				PRODUCT_BUNDLE_IDENTIFIER = oscargarrucho.O2O;
				PRODUCT_NAME = "$(TARGET_NAME)";
				SWIFT_EMIT_LOC_STRINGS = YES;
				SWIFT_VERSION = 5.0;
				TARGETED_DEVICE_FAMILY = "1,2";
			};
			name = Release;
		};
		F65DC20B29929E93003010B1 /* Debug */ = {
			isa = XCBuildConfiguration;
			buildSettings = {
				ALWAYS_EMBED_SWIFT_STANDARD_LIBRARIES = YES;
				BUNDLE_LOADER = "$(TEST_HOST)";
				CODE_SIGN_STYLE = Automatic;
				CURRENT_PROJECT_VERSION = 1;
				DEVELOPMENT_TEAM = V3W6A6C7JZ;
				GENERATE_INFOPLIST_FILE = YES;
				IPHONEOS_DEPLOYMENT_TARGET = 16.2;
				MARKETING_VERSION = 1.0;
				PRODUCT_BUNDLE_IDENTIFIER = oscargarrucho.O2OTests;
				PRODUCT_NAME = "$(TARGET_NAME)";
				SWIFT_EMIT_LOC_STRINGS = NO;
				SWIFT_VERSION = 5.0;
				TARGETED_DEVICE_FAMILY = "1,2";
				TEST_HOST = "$(BUILT_PRODUCTS_DIR)/O2O.app/$(BUNDLE_EXECUTABLE_FOLDER_PATH)/O2O";
			};
			name = Debug;
		};
		F65DC20C29929E93003010B1 /* Release */ = {
			isa = XCBuildConfiguration;
			buildSettings = {
				ALWAYS_EMBED_SWIFT_STANDARD_LIBRARIES = YES;
				BUNDLE_LOADER = "$(TEST_HOST)";
				CODE_SIGN_STYLE = Automatic;
				CURRENT_PROJECT_VERSION = 1;
				DEVELOPMENT_TEAM = V3W6A6C7JZ;
				GENERATE_INFOPLIST_FILE = YES;
				IPHONEOS_DEPLOYMENT_TARGET = 16.2;
				MARKETING_VERSION = 1.0;
				PRODUCT_BUNDLE_IDENTIFIER = oscargarrucho.O2OTests;
				PRODUCT_NAME = "$(TARGET_NAME)";
				SWIFT_EMIT_LOC_STRINGS = NO;
				SWIFT_VERSION = 5.0;
				TARGETED_DEVICE_FAMILY = "1,2";
				TEST_HOST = "$(BUILT_PRODUCTS_DIR)/O2O.app/$(BUNDLE_EXECUTABLE_FOLDER_PATH)/O2O";
			};
			name = Release;
		};
		F65DC20E29929E93003010B1 /* Debug */ = {
			isa = XCBuildConfiguration;
			buildSettings = {
				ALWAYS_EMBED_SWIFT_STANDARD_LIBRARIES = YES;
				CODE_SIGN_STYLE = Automatic;
				CURRENT_PROJECT_VERSION = 1;
				DEVELOPMENT_TEAM = V3W6A6C7JZ;
				GENERATE_INFOPLIST_FILE = YES;
				MARKETING_VERSION = 1.0;
				PRODUCT_BUNDLE_IDENTIFIER = oscargarrucho.O2OUITests;
				PRODUCT_NAME = "$(TARGET_NAME)";
				SWIFT_EMIT_LOC_STRINGS = NO;
				SWIFT_VERSION = 5.0;
				TARGETED_DEVICE_FAMILY = "1,2";
				TEST_TARGET_NAME = O2O;
			};
			name = Debug;
		};
		F65DC20F29929E93003010B1 /* Release */ = {
			isa = XCBuildConfiguration;
			buildSettings = {
				ALWAYS_EMBED_SWIFT_STANDARD_LIBRARIES = YES;
				CODE_SIGN_STYLE = Automatic;
				CURRENT_PROJECT_VERSION = 1;
				DEVELOPMENT_TEAM = V3W6A6C7JZ;
				GENERATE_INFOPLIST_FILE = YES;
				MARKETING_VERSION = 1.0;
				PRODUCT_BUNDLE_IDENTIFIER = oscargarrucho.O2OUITests;
				PRODUCT_NAME = "$(TARGET_NAME)";
				SWIFT_EMIT_LOC_STRINGS = NO;
				SWIFT_VERSION = 5.0;
				TARGETED_DEVICE_FAMILY = "1,2";
				TEST_TARGET_NAME = O2O;
			};
			name = Release;
		};
/* End XCBuildConfiguration section */

/* Begin XCConfigurationList section */
		F65DC1D829929E91003010B1 /* Build configuration list for PBXProject "O2O" */ = {
			isa = XCConfigurationList;
			buildConfigurations = (
				F65DC20529929E93003010B1 /* Debug */,
				F65DC20629929E93003010B1 /* Release */,
			);
			defaultConfigurationIsVisible = 0;
			defaultConfigurationName = Release;
		};
		F65DC20729929E93003010B1 /* Build configuration list for PBXNativeTarget "O2O" */ = {
			isa = XCConfigurationList;
			buildConfigurations = (
				F65DC20829929E93003010B1 /* Debug */,
				F65DC20929929E93003010B1 /* Release */,
			);
			defaultConfigurationIsVisible = 0;
			defaultConfigurationName = Release;
		};
		F65DC20A29929E93003010B1 /* Build configuration list for PBXNativeTarget "O2OTests" */ = {
			isa = XCConfigurationList;
			buildConfigurations = (
				F65DC20B29929E93003010B1 /* Debug */,
				F65DC20C29929E93003010B1 /* Release */,
			);
			defaultConfigurationIsVisible = 0;
			defaultConfigurationName = Release;
		};
		F65DC20D29929E93003010B1 /* Build configuration list for PBXNativeTarget "O2OUITests" */ = {
			isa = XCConfigurationList;
			buildConfigurations = (
				F65DC20E29929E93003010B1 /* Debug */,
				F65DC20F29929E93003010B1 /* Release */,
			);
			defaultConfigurationIsVisible = 0;
			defaultConfigurationName = Release;
		};
/* End XCConfigurationList section */
	};
	rootObject = F65DC1D529929E91003010B1 /* Project object */;
}
